
Microsoft Visual Studio Solution File, Format Version 12.00
# Visual Studio Version 17
VisualStudioVersion = 17.9.34607.119
MinimumVisualStudioVersion = 10.0.40219.1
Project("{FAE04EC0-301F-11D3-BF4B-00C04F79EFBC}") = "Workouts", "Workouts.csproj", "{10C714AA-46AC-4B2A-9028-652F300F8DDA}"
EndProject
Global
	GlobalSection(SolutionConfigurationPlatforms) = preSolution
		Debug|Any CPU = Debug|Any CPU
		Release|Any CPU = Release|Any CPU
	EndGlobalSection
	GlobalSection(ProjectConfigurationPlatforms) = postSolution
		{10C714AA-46AC-4B2A-9028-652F300F8DDA}.Debug|Any CPU.ActiveCfg = Debug|Any CPU
		{10C714AA-46AC-4B2A-9028-652F300F8DDA}.Debug|Any CPU.Build.0 = Debug|Any CPU
		{10C714AA-46AC-4B2A-9028-652F300F8DDA}.Release|Any CPU.ActiveCfg = Release|Any CPU
		{10C714AA-46AC-4B2A-9028-652F300F8DDA}.Release|Any CPU.Build.0 = Release|Any CPU
	EndGlobalSection
	GlobalSection(SolutionProperties) = preSolution
		HideSolutionNode = FALSE
	EndGlobalSection
	GlobalSection(ExtensibilityGlobals) = postSolution
		SolutionGuid = {3583A853-56B1-4186-A7D7-1C61D12E2269}
	EndGlobalSection
EndGlobal
